{
  "name": "01.Furniture",
  "version": "1.0.0",
  "lockfileVersion": 1,
  "requires": true,
  "dependencies": {
    "lit-html": {
      "version": "1.4.1",
      "resolved": "https://registry.npmjs.org/lit-html/-/lit-html-1.4.1.tgz",
      "integrity": "sha512-B9btcSgPYb1q4oSOb/PrOT6Z/H+r6xuNzfH4lFli/AWhYwdtrgQkQWBbIc6mdnf6E2IL3gDXdkkqNktpU0OZQA=="
    },
    "page.js": {
      "version": "4.13.3",
      "resolved": "https://registry.npmjs.org/page.js/-/page.js-4.13.3.tgz",
      "integrity": "sha1-1ff+vt0VrIUa0Y0+T/RdVMMgJ24=",
      "requires": {
        "path-to-regexp": "0.1.7"
      }
    },
    "path-to-regexp": {
      "version": "0.1.7",
      "resolved": "https://registry.npmjs.org/path-to-regexp/-/path-to-regexp-0.1.7.tgz",
      "integrity": "sha1-32BBeABfUi8V60SQ5yR6G/qmf4w="
    }
  }
}
